
Microsoft Visual Studio Solution File, Format Version 12.00
# Visual Studio Version 17
VisualStudioVersion = 17.6.33712.159
MinimumVisualStudioVersion = 10.0.40219.1
Project("{FAE04EC0-301F-11D3-BF4B-00C04F79EFBC}") = "ManagerOrder.Api", "ManagerOrder.Api\ManagerOrder.Api.csproj", "{9E5377D9-52B1-47AB-958F-DB89042C2F88}"
EndProject
Global
	GlobalSection(SolutionConfigurationPlatforms) = preSolution
		Debug|Any CPU = Debug|Any CPU
		Release|Any CPU = Release|Any CPU
	EndGlobalSection
	GlobalSection(ProjectConfigurationPlatforms) = postSolution
		{9E5377D9-52B1-47AB-958F-DB89042C2F88}.Debug|Any CPU.ActiveCfg = Debug|Any CPU
		{9E5377D9-52B1-47AB-958F-DB89042C2F88}.Debug|Any CPU.Build.0 = Debug|Any CPU
		{9E5377D9-52B1-47AB-958F-DB89042C2F88}.Release|Any CPU.ActiveCfg = Release|Any CPU
		{9E5377D9-52B1-47AB-958F-DB89042C2F88}.Release|Any CPU.Build.0 = Release|Any CPU
	EndGlobalSection
	GlobalSection(SolutionProperties) = preSolution
		HideSolutionNode = FALSE
	EndGlobalSection
	GlobalSection(ExtensibilityGlobals) = postSolution
		SolutionGuid = {377133C1-8011-4717-91F9-8ECD4377E1A0}
	EndGlobalSection
EndGlobal
